
Microsoft Visual Studio Solution File, Format Version 12.00
# Visual Studio Version 16
VisualStudioVersion = 16.0.29509.3
MinimumVisualStudioVersion = 10.0.40219.1
Project("{FAE04EC0-301F-11D3-BF4B-00C04F79EFBC}") = "Lab1", "Lab1\Lab1.csproj", "{AC287D37-7DA0-4AE8-B035-5F9FCCD31393}"
EndProject
Global
	GlobalSection(SolutionConfigurationPlatforms) = preSolution
		Debug|Any CPU = Debug|Any CPU
		Release|Any CPU = Release|Any CPU
	EndGlobalSection
	GlobalSection(ProjectConfigurationPlatforms) = postSolution
		{AC287D37-7DA0-4AE8-B035-5F9FCCD31393}.Debug|Any CPU.ActiveCfg = Debug|Any CPU
		{AC287D37-7DA0-4AE8-B035-5F9FCCD31393}.Debug|Any CPU.Build.0 = Debug|Any CPU
		{AC287D37-7DA0-4AE8-B035-5F9FCCD31393}.Release|Any CPU.ActiveCfg = Release|Any CPU
		{AC287D37-7DA0-4AE8-B035-5F9FCCD31393}.Release|Any CPU.Build.0 = Release|Any CPU
	EndGlobalSection
	GlobalSection(SolutionProperties) = preSolution
		HideSolutionNode = FALSE
	EndGlobalSection
	GlobalSection(ExtensibilityGlobals) = postSolution
		SolutionGuid = {722103EB-8805-46AD-AB66-762737BCA147}
	EndGlobalSection
EndGlobal
